
Microsoft Visual Studio Solution File, Format Version 12.00
# Visual Studio Version 17
VisualStudioVersion = 17.6.33815.320
MinimumVisualStudioVersion = 10.0.40219.1
Project("{FAE04EC0-301F-11D3-BF4B-00C04F79EFBC}") = "auth-webproject", "auth-webproject\auth-webproject.csproj", "{B445E66A-5FAC-442E-B93E-F6BF693B90F6}"
EndProject
Global
	GlobalSection(SolutionConfigurationPlatforms) = preSolution
		Debug|Any CPU = Debug|Any CPU
		Release|Any CPU = Release|Any CPU
	EndGlobalSection
	GlobalSection(ProjectConfigurationPlatforms) = postSolution
		{B445E66A-5FAC-442E-B93E-F6BF693B90F6}.Debug|Any CPU.ActiveCfg = Debug|Any CPU
		{B445E66A-5FAC-442E-B93E-F6BF693B90F6}.Debug|Any CPU.Build.0 = Debug|Any CPU
		{B445E66A-5FAC-442E-B93E-F6BF693B90F6}.Release|Any CPU.ActiveCfg = Release|Any CPU
		{B445E66A-5FAC-442E-B93E-F6BF693B90F6}.Release|Any CPU.Build.0 = Release|Any CPU
	EndGlobalSection
	GlobalSection(SolutionProperties) = preSolution
		HideSolutionNode = FALSE
	EndGlobalSection
	GlobalSection(ExtensibilityGlobals) = postSolution
		SolutionGuid = {57F3460B-142D-406A-8BBA-605E13A3C763}
	EndGlobalSection
EndGlobal
